
Microsoft Visual Studio Solution File, Format Version 12.00
# Visual Studio Version 17
VisualStudioVersion = 17.0.31903.59
MinimumVisualStudioVersion = 10.0.40219.1
Project("{2150E333-8FDC-42A3-9474-1A3956D46DE8}") = "src", "src", "{827E0CD3-B72D-47B6-A68D-7590B98EB39B}"
EndProject
Project("{FAE04EC0-301F-11D3-BF4B-00C04F79EFBC}") = "UsersService", "src\UsersService\UsersService.csproj", "{63C199EC-D95F-4F67-B23D-40EC56F0FF17}"
EndProject
Project("{FAE04EC0-301F-11D3-BF4B-00C04F79EFBC}") = "AccountsService", "src\AccountsService\AccountsService.csproj", "{64790CE6-BFD7-45A0-8436-8664C9DF6F7E}"
EndProject
Project("{FAE04EC0-301F-11D3-BF4B-00C04F79EFBC}") = "CreditsService", "src\CreditsService\CreditsService.csproj", "{EB3EBE4B-2CB3-4250-B2CE-C4317CE88D80}"
EndProject
Project("{2150E333-8FDC-42A3-9474-1A3956D46DE8}") = "tests", "tests", "{0AB3BF05-4346-4AA6-1389-037BE0695223}"
EndProject
Project("{FAE04EC0-301F-11D3-BF4B-00C04F79EFBC}") = "UsersService.Tests", "tests\UsersService.Tests\UsersService.Tests.csproj", "{84C7A7DD-B5F7-471D-8A25-4AE3A2698537}"
EndProject
Project("{FAE04EC0-301F-11D3-BF4B-00C04F79EFBC}") = "AccountsService.Tests", "tests\AccountsService.Tests\AccountsService.Tests.csproj", "{837393CA-BD1C-4C05-B257-E24F51A44A82}"
EndProject
Project("{FAE04EC0-301F-11D3-BF4B-00C04F79EFBC}") = "CreditsService.Tests", "tests\CreditsService.Tests\CreditsService.Tests.csproj", "{DC986724-5DC3-4CC9-9933-7DACC3E1AEC3}"
EndProject
Global
	GlobalSection(SolutionConfigurationPlatforms) = preSolution
		Debug|Any CPU = Debug|Any CPU
		Debug|x64 = Debug|x64
		Debug|x86 = Debug|x86
		Release|Any CPU = Release|Any CPU
		Release|x64 = Release|x64
		Release|x86 = Release|x86
	EndGlobalSection
	GlobalSection(ProjectConfigurationPlatforms) = postSolution
		{63C199EC-D95F-4F67-B23D-40EC56F0FF17}.Debug|Any CPU.ActiveCfg = Debug|Any CPU
		{63C199EC-D95F-4F67-B23D-40EC56F0FF17}.Debug|Any CPU.Build.0 = Debug|Any CPU
		{63C199EC-D95F-4F67-B23D-40EC56F0FF17}.Debug|x64.ActiveCfg = Debug|Any CPU
		{63C199EC-D95F-4F67-B23D-40EC56F0FF17}.Debug|x64.Build.0 = Debug|Any CPU
		{63C199EC-D95F-4F67-B23D-40EC56F0FF17}.Debug|x86.ActiveCfg = Debug|Any CPU
		{63C199EC-D95F-4F67-B23D-40EC56F0FF17}.Debug|x86.Build.0 = Debug|Any CPU
		{63C199EC-D95F-4F67-B23D-40EC56F0FF17}.Release|Any CPU.ActiveCfg = Release|Any CPU
		{63C199EC-D95F-4F67-B23D-40EC56F0FF17}.Release|Any CPU.Build.0 = Release|Any CPU
		{63C199EC-D95F-4F67-B23D-40EC56F0FF17}.Release|x64.ActiveCfg = Release|Any CPU
		{63C199EC-D95F-4F67-B23D-40EC56F0FF17}.Release|x64.Build.0 = Release|Any CPU
		{63C199EC-D95F-4F67-B23D-40EC56F0FF17}.Release|x86.ActiveCfg = Release|Any CPU
		{63C199EC-D95F-4F67-B23D-40EC56F0FF17}.Release|x86.Build.0 = Release|Any CPU
		{64790CE6-BFD7-45A0-8436-8664C9DF6F7E}.Debug|Any CPU.ActiveCfg = Debug|Any CPU
		{64790CE6-BFD7-45A0-8436-8664C9DF6F7E}.Debug|Any CPU.Build.0 = Debug|Any CPU
		{64790CE6-BFD7-45A0-8436-8664C9DF6F7E}.Debug|x64.ActiveCfg = Debug|Any CPU
		{64790CE6-BFD7-45A0-8436-8664C9DF6F7E}.Debug|x64.Build.0 = Debug|Any CPU
		{64790CE6-BFD7-45A0-8436-8664C9DF6F7E}.Debug|x86.ActiveCfg = Debug|Any CPU
		{64790CE6-BFD7-45A0-8436-8664C9DF6F7E}.Debug|x86.Build.0 = Debug|Any CPU
		{64790CE6-BFD7-45A0-8436-8664C9DF6F7E}.Release|Any CPU.ActiveCfg = Release|Any CPU
		{64790CE6-BFD7-45A0-8436-8664C9DF6F7E}.Release|Any CPU.Build.0 = Release|Any CPU
		{64790CE6-BFD7-45A0-8436-8664C9DF6F7E}.Release|x64.ActiveCfg = Release|Any CPU
		{64790CE6-BFD7-45A0-8436-8664C9DF6F7E}.Release|x64.Build.0 = Release|Any CPU
		{64790CE6-BFD7-45A0-8436-8664C9DF6F7E}.Release|x86.ActiveCfg = Release|Any CPU
		{64790CE6-BFD7-45A0-8436-8664C9DF6F7E}.Release|x86.Build.0 = Release|Any CPU
		{EB3EBE4B-2CB3-4250-B2CE-C4317CE88D80}.Debug|Any CPU.ActiveCfg = Debug|Any CPU
		{EB3EBE4B-2CB3-4250-B2CE-C4317CE88D80}.Debug|Any CPU.Build.0 = Debug|Any CPU
		{EB3EBE4B-2CB3-4250-B2CE-C4317CE88D80}.Debug|x64.ActiveCfg = Debug|Any CPU
		{EB3EBE4B-2CB3-4250-B2CE-C4317CE88D80}.Debug|x64.Build.0 = Debug|Any CPU
		{EB3EBE4B-2CB3-4250-B2CE-C4317CE88D80}.Debug|x86.ActiveCfg = Debug|Any CPU
		{EB3EBE4B-2CB3-4250-B2CE-C4317CE88D80}.Debug|x86.Build.0 = Debug|Any CPU
		{EB3EBE4B-2CB3-4250-B2CE-C4317CE88D80}.Release|Any CPU.ActiveCfg = Release|Any CPU
		{EB3EBE4B-2CB3-4250-B2CE-C4317CE88D80}.Release|Any CPU.Build.0 = Release|Any CPU
		{EB3EBE4B-2CB3-4250-B2CE-C4317CE88D80}.Release|x64.ActiveCfg = Release|Any CPU
		{EB3EBE4B-2CB3-4250-B2CE-C4317CE88D80}.Release|x64.Build.0 = Release|Any CPU
		{EB3EBE4B-2CB3-4250-B2CE-C4317CE88D80}.Release|x86.ActiveCfg = Release|Any CPU
		{EB3EBE4B-2CB3-4250-B2CE-C4317CE88D80}.Release|x86.Build.0 = Release|Any CPU
		{84C7A7DD-B5F7-471D-8A25-4AE3A2698537}.Debug|Any CPU.ActiveCfg = Debug|Any CPU
		{84C7A7DD-B5F7-471D-8A25-4AE3A2698537}.Debug|Any CPU.Build.0 = Debug|Any CPU
		{84C7A7DD-B5F7-471D-8A25-4AE3A2698537}.Debug|x64.ActiveCfg = Debug|Any CPU
		{84C7A7DD-B5F7-471D-8A25-4AE3A2698537}.Debug|x64.Build.0 = Debug|Any CPU
		{84C7A7DD-B5F7-471D-8A25-4AE3A2698537}.Debug|x86.ActiveCfg = Debug|Any CPU
		{84C7A7DD-B5F7-471D-8A25-4AE3A2698537}.Debug|x86.Build.0 = Debug|Any CPU
		{84C7A7DD-B5F7-471D-8A25-4AE3A2698537}.Release|Any CPU.ActiveCfg = Release|Any CPU
		{84C7A7DD-B5F7-471D-8A25-4AE3A2698537}.Release|Any CPU.Build.0 = Release|Any CPU
		{84C7A7DD-B5F7-471D-8A25-4AE3A2698537}.Release|x64.ActiveCfg = Release|Any CPU
		{84C7A7DD-B5F7-471D-8A25-4AE3A2698537}.Release|x64.Build.0 = Release|Any CPU
		{84C7A7DD-B5F7-471D-8A25-4AE3A2698537}.Release|x86.ActiveCfg = Release|Any CPU
		{84C7A7DD-B5F7-471D-8A25-4AE3A2698537}.Release|x86.Build.0 = Release|Any CPU
		{837393CA-BD1C-4C05-B257-E24F51A44A82}.Debug|Any CPU.ActiveCfg = Debug|Any CPU
		{837393CA-BD1C-4C05-B257-E24F51A44A82}.Debug|Any CPU.Build.0 = Debug|Any CPU
		{837393CA-BD1C-4C05-B257-E24F51A44A82}.Debug|x64.ActiveCfg = Debug|Any CPU
		{837393CA-BD1C-4C05-B257-E24F51A44A82}.Debug|x64.Build.0 = Debug|Any CPU
		{837393CA-BD1C-4C05-B257-E24F51A44A82}.Debug|x86.ActiveCfg = Debug|Any CPU
		{837393CA-BD1C-4C05-B257-E24F51A44A82}.Debug|x86.Build.0 = Debug|Any CPU
		{837393CA-BD1C-4C05-B257-E24F51A44A82}.Release|Any CPU.ActiveCfg = Release|Any CPU
		{837393CA-BD1C-4C05-B257-E24F51A44A82}.Release|Any CPU.Build.0 = Release|Any CPU
		{837393CA-BD1C-4C05-B257-E24F51A44A82}.Release|x64.ActiveCfg = Release|Any CPU
		{837393CA-BD1C-4C05-B257-E24F51A44A82}.Release|x64.Build.0 = Release|Any CPU
		{837393CA-BD1C-4C05-B257-E24F51A44A82}.Release|x86.ActiveCfg = Release|Any CPU
		{837393CA-BD1C-4C05-B257-E24F51A44A82}.Release|x86.Build.0 = Release|Any CPU
		{DC986724-5DC3-4CC9-9933-7DACC3E1AEC3}.Debug|Any CPU.ActiveCfg = Debug|Any CPU
		{DC986724-5DC3-4CC9-9933-7DACC3E1AEC3}.Debug|Any CPU.Build.0 = Debug|Any CPU
		{DC986724-5DC3-4CC9-9933-7DACC3E1AEC3}.Debug|x64.ActiveCfg = Debug|Any CPU
		{DC986724-5DC3-4CC9-9933-7DACC3E1AEC3}.Debug|x64.Build.0 = Debug|Any CPU
		{DC986724-5DC3-4CC9-9933-7DACC3E1AEC3}.Debug|x86.ActiveCfg = Debug|Any CPU
		{DC986724-5DC3-4CC9-9933-7DACC3E1AEC3}.Debug|x86.Build.0 = Debug|Any CPU
		{DC986724-5DC3-4CC9-9933-7DACC3E1AEC3}.Release|Any CPU.ActiveCfg = Release|Any CPU
		{DC986724-5DC3-4CC9-9933-7DACC3E1AEC3}.Release|Any CPU.Build.0 = Release|Any CPU
		{DC986724-5DC3-4CC9-9933-7DACC3E1AEC3}.Release|x64.ActiveCfg = Release|Any CPU
		{DC986724-5DC3-4CC9-9933-7DACC3E1AEC3}.Release|x64.Build.0 = Release|Any CPU
		{DC986724-5DC3-4CC9-9933-7DACC3E1AEC3}.Release|x86.ActiveCfg = Release|Any CPU
		{DC986724-5DC3-4CC9-9933-7DACC3E1AEC3}.Release|x86.Build.0 = Release|Any CPU
	EndGlobalSection
	GlobalSection(SolutionProperties) = preSolution
		HideSolutionNode = FALSE
	EndGlobalSection
	GlobalSection(NestedProjects) = preSolution
		{63C199EC-D95F-4F67-B23D-40EC56F0FF17} = {827E0CD3-B72D-47B6-A68D-7590B98EB39B}
		{64790CE6-BFD7-45A0-8436-8664C9DF6F7E} = {827E0CD3-B72D-47B6-A68D-7590B98EB39B}
		{EB3EBE4B-2CB3-4250-B2CE-C4317CE88D80} = {827E0CD3-B72D-47B6-A68D-7590B98EB39B}
		{84C7A7DD-B5F7-471D-8A25-4AE3A2698537} = {0AB3BF05-4346-4AA6-1389-037BE0695223}
		{837393CA-BD1C-4C05-B257-E24F51A44A82} = {0AB3BF05-4346-4AA6-1389-037BE0695223}
		{DC986724-5DC3-4CC9-9933-7DACC3E1AEC3} = {0AB3BF05-4346-4AA6-1389-037BE0695223}
	EndGlobalSection
EndGlobal
